# THIS IS AN AUTOGENERATED FILE. DO NOT EDIT THIS FILE DIRECTLY.
# yarn lockfile v1


"@uirouter/core@6.0.1":
  version "6.0.1"
  resolved "https://registry.yarnpkg.com/@uirouter/core/-/core-6.0.1.tgz#93b02a5d178a7ab7313f34b7b3f019a000d23396"
  integrity sha512-mHCutiHtDDRKYmrJ92XPKDoSb2bgqaDyUpHdF4hUE+riwgkCvGdBjL8u+VDTcV3slBAk6B0LBIOIajjWkkObbQ==

angular-animate@^1.7.9:
  version "1.7.9"
  resolved "https://registry.yarnpkg.com/angular-animate/-/angular-animate-1.7.9.tgz#a397f82434c1e7ed5b7a298fa70fc3de989a6785"
  integrity sha512-fV+AISy/HTzurQH2ngsJg+lLIvfu0ahc1h4AYKauaXVw97rZc2k4iUA1bMstiEyClsdayQX568kjQc1NK+oYhw==

angular-aria@^1.7.9:
  version "1.7.9"
  resolved "https://registry.yarnpkg.com/angular-aria/-/angular-aria-1.7.9.tgz#90c61895ffbd876e95915222b32a7bd0070af7e3"
  integrity sha512-luI3Jemd1AbOQW0krdzfEG3fM0IFtLY0bSSqIDEx3POE0XjKIC1MkrO8Csyq9PPgueLphyAPofzUwZ8YeZ88SA==

angular-loader@^1.7.9:
  version "1.7.9"
  resolved "https://registry.yarnpkg.com/angular-loader/-/angular-loader-1.7.9.tgz#525c12a2e914d81345f58289fb705882430d938a"
  integrity sha512-Hei0AQ96P2qzduWZtAsHvxUnLSLSAxpkjYc7F0JAwNPA14rXYKt20a9crc8CWd/v45Dkz7+SFhb2QMx5nCyNLQ==

angular-material@^1.1.20:
  version "1.1.20"
  resolved "https://registry.yarnpkg.com/angular-material/-/angular-material-1.1.20.tgz#138def4a4f3982fddfa7788c9775e663f12cba85"
  integrity sha512-R2jILX9g7AVvEZbIMqEp8mkjlH/iSrDG150pCSzL7+6PHdi4dYuyXNRtYlpYKe+72Q4fIV4YBYSxepNob3hU9A==

angular-messages@^1.7.9:
  version "1.7.9"
  resolved "https://registry.yarnpkg.com/angular-messages/-/angular-messages-1.7.9.tgz#6403b7f56df4b17b62d88762ac5e6b1702347fd2"
  integrity sha512-OdJihuO6AW+m1/r9OdW5riCwacn3dL1agQvgu6Cww3a7OARXXN0vxOpsZCNk4yg4CuD7Et3tiz4DymhvZkydvw==

angular-momentjs@^0.2.2:
  version "0.2.2"
  resolved "https://registry.yarnpkg.com/angular-momentjs/-/angular-momentjs-0.2.2.tgz#2a980b4b74039a6d45bbabaea2b0bdc0a505fad1"
  integrity sha1-KpgLS3QDmm1Fu6uuorC9wKUF+tE=
  dependencies:
    angular "*"
    moment "*"

angular-route@^1.7.9:
  version "1.7.9"
  resolved "https://registry.yarnpkg.com/angular-route/-/angular-route-1.7.9.tgz#f9910a2af0ba3ad7a969c5dd369b8360d0d5e4ef"
  integrity sha512-vRoj5hzdQtWbODhWJqDzD1iNOEfCKshO6GFBuPVV7RHlPjzIc4R2dHCc7Qiv/8F3LDxJDohc6vSnTDMLHuaqeA==

angular-ui-router@^1.0.23:
  version "1.0.23"
  resolved "https://registry.yarnpkg.com/angular-ui-router/-/angular-ui-router-1.0.23.tgz#c0af56dbe930faa5963cdcb133401e6744e1f9a8"
  integrity sha512-l1bzkqCtcP9CrhlFQ0vJ8pGAfwF/bxRedCO2yB3HCYdrDkf487/ZNSreYc2jR5t9rgF/6oM++ZplCcCFMxRoWg==
  dependencies:
    "@uirouter/core" "6.0.1"

angular@*, angular@^1.7.9:
  version "1.7.9"
  resolved "https://registry.yarnpkg.com/angular/-/angular-1.7.9.tgz#e52616e8701c17724c3c238cfe4f9446fd570bc4"
  integrity sha512-5se7ZpcOtu0MBFlzGv5dsM1quQDoDeUTwZrWjGtTNA7O88cD8TEk5IEKCTDa3uECV9XnvKREVUr7du1ACiWGFQ==

font-awesome@^4.7.0:
  version "4.7.0"
  resolved "https://registry.yarnpkg.com/font-awesome/-/font-awesome-4.7.0.tgz#8fa8cf0411a1a31afd07b06d2902bb9fc815a133"
  integrity sha1-j6jPBBGhoxr9B7BtKQK7n8gVoTM=

html5-boilerplate@^7.3.0:
  version "7.3.0"
  resolved "https://registry.yarnpkg.com/html5-boilerplate/-/html5-boilerplate-7.3.0.tgz#263af972835d4536954424fbaabaa68bac586119"
  integrity sha512-IHC/FzedeOweuJrU3rrhyJ9apnSPW5NGLS6562ryz0nXw9QtamT13SQ88/6PBkHhzfdy+gx0tqmO0yuwPpr00g==

jquery@^3.4.1:
  version "3.4.1"
  resolved "https://registry.yarnpkg.com/jquery/-/jquery-3.4.1.tgz#714f1f8d9dde4bdfa55764ba37ef214630d80ef2"
  integrity sha512-36+AdBzCL+y6qjw5Tx7HgzeGCzC81MDDgaUP8ld2zhx58HdqXGoBd+tHdrBMiyjGQs0Hxs/MLZTu/eHNJJuWPw==

moment@*, moment@^2.24.0:
  version "2.24.0"
  resolved "https://registry.yarnpkg.com/moment/-/moment-2.24.0.tgz#0d055d53f5052aa653c9f6eb68bb5d12bf5c2b5b"
  integrity sha512-bV7f+6l2QigeBBZSM/6yTNq4P2fNpSWj/0e7jQcy87A8e7o2nAfP/34/2ky5Vw4B9S446EtIhodAzkFCcR4dQg==

underscore@^1.12.1:
  version "1.12.1"
  resolved "https://registry.yarnpkg.com/underscore/-/underscore-1.12.1.tgz#7bb8cc9b3d397e201cf8553336d262544ead829e"
  integrity sha512-hEQt0+ZLDVUMhebKxL4x1BTtDY7bavVofhZ9KZ4aI26X9SRaE+Y3m83XUL1UP2jn8ynjndwCCpEHdUG+9pP1Tw==
